
Microsoft Visual Studio Solution File, Format Version 12.00
# Visual Studio Version 16
VisualStudioVersion = 16.0.31129.286
MinimumVisualStudioVersion = 10.0.40219.1
Project("{8BC9CEB8-8B4A-11D0-8D11-00A0C91BC942}") = "tkom_projekt", "tkom_projekt\tkom_projekt.vcxproj", "{334B5F49-4162-4E0F-AB25-FEB483C209BF}"
EndProject
Global
	GlobalSection(SolutionConfigurationPlatforms) = preSolution
		Debug|x64 = Debug|x64
		Debug|x86 = Debug|x86
		Release|x64 = Release|x64
		Release|x86 = Release|x86
	EndGlobalSection
	GlobalSection(ProjectConfigurationPlatforms) = postSolution
		{334B5F49-4162-4E0F-AB25-FEB483C209BF}.Debug|x64.ActiveCfg = Debug|x64
		{334B5F49-4162-4E0F-AB25-FEB483C209BF}.Debug|x64.Build.0 = Debug|x64
		{334B5F49-4162-4E0F-AB25-FEB483C209BF}.Debug|x86.ActiveCfg = Debug|Win32
		{334B5F49-4162-4E0F-AB25-FEB483C209BF}.Debug|x86.Build.0 = Debug|Win32
		{334B5F49-4162-4E0F-AB25-FEB483C209BF}.Release|x64.ActiveCfg = Release|x64
		{334B5F49-4162-4E0F-AB25-FEB483C209BF}.Release|x64.Build.0 = Release|x64
		{334B5F49-4162-4E0F-AB25-FEB483C209BF}.Release|x86.ActiveCfg = Release|Win32
		{334B5F49-4162-4E0F-AB25-FEB483C209BF}.Release|x86.Build.0 = Release|Win32
	EndGlobalSection
	GlobalSection(SolutionProperties) = preSolution
		HideSolutionNode = FALSE
	EndGlobalSection
	GlobalSection(ExtensibilityGlobals) = postSolution
		SolutionGuid = {85502773-A437-46FA-9DE2-E423C3D0EDDD}
	EndGlobalSection
EndGlobal
